
Microsoft Visual Studio Solution File, Format Version 12.00
# Visual Studio 15
VisualStudioVersion = 15.0.27703.2035
MinimumVisualStudioVersion = 10.0.40219.1
Project("{FAE04EC0-301F-11D3-BF4B-00C04F79EFBC}") = "StringLibrary", "StringLibrary\StringLibrary.csproj", "{FF99C694-F861-4CE2-9597-6A3824FEB2ED}"
EndProject
Project("{FAE04EC0-301F-11D3-BF4B-00C04F79EFBC}") = "StringLibraryTest", "StringLibraryTest\StringLibraryTest.csproj", "{DAF9FA54-3A0B-47E6-A14C-C0A492C18402}"
EndProject
Global
	GlobalSection(SolutionConfigurationPlatforms) = preSolution
		Debug|Any CPU = Debug|Any CPU
		Release|Any CPU = Release|Any CPU
	EndGlobalSection
	GlobalSection(ProjectConfigurationPlatforms) = postSolution
		{FF99C694-F861-4CE2-9597-6A3824FEB2ED}.Debug|Any CPU.ActiveCfg = Debug|Any CPU
		{FF99C694-F861-4CE2-9597-6A3824FEB2ED}.Debug|Any CPU.Build.0 = Debug|Any CPU
		{FF99C694-F861-4CE2-9597-6A3824FEB2ED}.Release|Any CPU.ActiveCfg = Release|Any CPU
		{FF99C694-F861-4CE2-9597-6A3824FEB2ED}.Release|Any CPU.Build.0 = Release|Any CPU
		{DAF9FA54-3A0B-47E6-A14C-C0A492C18402}.Debug|Any CPU.ActiveCfg = Debug|Any CPU
		{DAF9FA54-3A0B-47E6-A14C-C0A492C18402}.Debug|Any CPU.Build.0 = Debug|Any CPU
		{DAF9FA54-3A0B-47E6-A14C-C0A492C18402}.Release|Any CPU.ActiveCfg = Release|Any CPU
		{DAF9FA54-3A0B-47E6-A14C-C0A492C18402}.Release|Any CPU.Build.0 = Release|Any CPU
	EndGlobalSection
	GlobalSection(SolutionProperties) = preSolution
		HideSolutionNode = FALSE
	EndGlobalSection
	GlobalSection(ExtensibilityGlobals) = postSolution
		SolutionGuid = {2BD8C4AD-1CCA-454F-97F1-BE31C3B563E8}
	EndGlobalSection
EndGlobal
